{
  "name": "@types/openseadragon",
  "version": "0.0.7",
  "lockfileVersion": 1,
  "requires": true,
  "dependencies": {
    "openseadragon": {
      "version": "2.4.1",
      "resolved": "https://registry.npmjs.org/openseadragon/-/openseadragon-2.4.1.tgz",
      "integrity": "sha512-7fWUnCkGvWcnoRxqeXcg4bSLPApWbI0hHumEZF8K2pziMfPNjvvHL5XB4oQeT2XfrGKfaasVrPe2XqhAr5kogA=="
    }
  }
}
